// !$*UTF8*$!
{
	archiveVersion = 1;
	classes = {
	};
	objectVersion = 56;
	objects = {

/* Begin PBXBuildFile section */
		F25F2EE92B826D4E00C800F6 /* MockPhotoModel.swift in Sources */ = {isa = PBXBuildFile; fileRef = F25F2EE82B826D4E00C800F6 /* MockPhotoModel.swift */; };
		F25F2EEC2B82776B00C800F6 /* String+Extension.swift in Sources */ = {isa = PBXBuildFile; fileRef = F25F2EEB2B82776B00C800F6 /* String+Extension.swift */; };
		F25F2EEE2B82778D00C800F6 /* HTMLTextView.swift in Sources */ = {isa = PBXBuildFile; fileRef = F25F2EED2B82778D00C800F6 /* HTMLTextView.swift */; };
		F25F2EF02B8277FE00C800F6 /* MockHtmlPhotoDescription.swift in Sources */ = {isa = PBXBuildFile; fileRef = F25F2EEF2B8277FE00C800F6 /* MockHtmlPhotoDescription.swift */; };
		F2FF896A2B8120310044EE43 /* Flickr_iOSApp.swift in Sources */ = {isa = PBXBuildFile; fileRef = F2FF89692B8120310044EE43 /* Flickr_iOSApp.swift */; };
		F2FF896E2B8120330044EE43 /* Assets.xcassets in Resources */ = {isa = PBXBuildFile; fileRef = F2FF896D2B8120330044EE43 /* Assets.xcassets */; };
		F2FF89712B8120330044EE43 /* Preview Assets.xcassets in Resources */ = {isa = PBXBuildFile; fileRef = F2FF89702B8120330044EE43 /* Preview Assets.xcassets */; };
		F2FF897C2B8122360044EE43 /* PhotoModels.swift in Sources */ = {isa = PBXBuildFile; fileRef = F2FF897B2B8122360044EE43 /* PhotoModels.swift */; };
		F2FF897E2B8122700044EE43 /* SearchPhotosNetworkingService.swift in Sources */ = {isa = PBXBuildFile; fileRef = F2FF897D2B8122700044EE43 /* SearchPhotosNetworkingService.swift */; };
		F2FF89812B8123BE0044EE43 /* PhotosListViewModel.swift in Sources */ = {isa = PBXBuildFile; fileRef = F2FF89802B8123BE0044EE43 /* PhotosListViewModel.swift */; };
		F2FF89832B8129A00044EE43 /* PhotosListView.swift in Sources */ = {isa = PBXBuildFile; fileRef = F2FF89822B8129A00044EE43 /* PhotosListView.swift */; };
		F2FF89862B812ACE0044EE43 /* MockSearchPhotosNetworking.swift in Sources */ = {isa = PBXBuildFile; fileRef = F2FF89852B812ACE0044EE43 /* MockSearchPhotosNetworking.swift */; };
		F2FF89882B812FF60044EE43 /* PhotoItemView.swift in Sources */ = {isa = PBXBuildFile; fileRef = F2FF89872B812FF60044EE43 /* PhotoItemView.swift */; };
		F2FF898B2B8130210044EE43 /* RemoteImage.swift in Sources */ = {isa = PBXBuildFile; fileRef = F2FF898A2B8130210044EE43 /* RemoteImage.swift */; };
		F2FF898E2B8143F40044EE43 /* PhotoDetailView.swift in Sources */ = {isa = PBXBuildFile; fileRef = F2FF898D2B8143F40044EE43 /* PhotoDetailView.swift */; };
/* End PBXBuildFile section */

/* Begin PBXFileReference section */
		F25F2EE82B826D4E00C800F6 /* MockPhotoModel.swift */ = {isa = PBXFileReference; lastKnownFileType = sourcecode.swift; path = MockPhotoModel.swift; sourceTree = "<group>"; };
		F25F2EEB2B82776B00C800F6 /* String+Extension.swift */ = {isa = PBXFileReference; lastKnownFileType = sourcecode.swift; path = "String+Extension.swift"; sourceTree = "<group>"; };
		F25F2EED2B82778D00C800F6 /* HTMLTextView.swift */ = {isa = PBXFileReference; lastKnownFileType = sourcecode.swift; path = HTMLTextView.swift; sourceTree = "<group>"; };
		F25F2EEF2B8277FE00C800F6 /* MockHtmlPhotoDescription.swift */ = {isa = PBXFileReference; lastKnownFileType = sourcecode.swift; path = MockHtmlPhotoDescription.swift; sourceTree = "<group>"; };
		F2FF89662B8120310044EE43 /* Flickr-iOS.app */ = {isa = PBXFileReference; explicitFileType = wrapper.application; includeInIndex = 0; path = "Flickr-iOS.app"; sourceTree = BUILT_PRODUCTS_DIR; };
		F2FF89692B8120310044EE43 /* Flickr_iOSApp.swift */ = {isa = PBXFileReference; lastKnownFileType = sourcecode.swift; path = Flickr_iOSApp.swift; sourceTree = "<group>"; };
		F2FF896D2B8120330044EE43 /* Assets.xcassets */ = {isa = PBXFileReference; lastKnownFileType = folder.assetcatalog; path = Assets.xcassets; sourceTree = "<group>"; };
		F2FF89702B8120330044EE43 /* Preview Assets.xcassets */ = {isa = PBXFileReference; lastKnownFileType = folder.assetcatalog; path = "Preview Assets.xcassets"; sourceTree = "<group>"; };
		F2FF897B2B8122360044EE43 /* PhotoModels.swift */ = {isa = PBXFileReference; lastKnownFileType = sourcecode.swift; path = PhotoModels.swift; sourceTree = "<group>"; };
		F2FF897D2B8122700044EE43 /* SearchPhotosNetworkingService.swift */ = {isa = PBXFileReference; lastKnownFileType = sourcecode.swift; path = SearchPhotosNetworkingService.swift; sourceTree = "<group>"; };
		F2FF89802B8123BE0044EE43 /* PhotosListViewModel.swift */ = {isa = PBXFileReference; lastKnownFileType = sourcecode.swift; path = PhotosListViewModel.swift; sourceTree = "<group>"; };
		F2FF89822B8129A00044EE43 /* PhotosListView.swift */ = {isa = PBXFileReference; lastKnownFileType = sourcecode.swift; path = PhotosListView.swift; sourceTree = "<group>"; };
		F2FF89852B812ACE0044EE43 /* MockSearchPhotosNetworking.swift */ = {isa = PBXFileReference; lastKnownFileType = sourcecode.swift; path = MockSearchPhotosNetworking.swift; sourceTree = "<group>"; };
		F2FF89872B812FF60044EE43 /* PhotoItemView.swift */ = {isa = PBXFileReference; lastKnownFileType = sourcecode.swift; path = PhotoItemView.swift; sourceTree = "<group>"; };
		F2FF898A2B8130210044EE43 /* RemoteImage.swift */ = {isa = PBXFileReference; lastKnownFileType = sourcecode.swift; path = RemoteImage.swift; sourceTree = "<group>"; };
		F2FF898D2B8143F40044EE43 /* PhotoDetailView.swift */ = {isa = PBXFileReference; lastKnownFileType = sourcecode.swift; path = PhotoDetailView.swift; sourceTree = "<group>"; };
/* End PBXFileReference section */

/* Begin PBXFrameworksBuildPhase section */
		F2FF89632B8120310044EE43 /* Frameworks */ = {
			isa = PBXFrameworksBuildPhase;
			buildActionMask = 2147483647;
			files = (
			);
			runOnlyForDeploymentPostprocessing = 0;
		};
/* End PBXFrameworksBuildPhase section */

/* Begin PBXGroup section */
		F25F2EEA2B82773A00C800F6 /* Extensions */ = {
			isa = PBXGroup;
			children = (
				F25F2EEB2B82776B00C800F6 /* String+Extension.swift */,
			);
			path = Extensions;
			sourceTree = "<group>";
		};
		F2FF895D2B8120310044EE43 = {
			isa = PBXGroup;
			children = (
				F2FF89682B8120310044EE43 /* Flickr-iOS */,
				F2FF89672B8120310044EE43 /* Products */,
			);
			sourceTree = "<group>";
		};
		F2FF89672B8120310044EE43 /* Products */ = {
			isa = PBXGroup;
			children = (
				F2FF89662B8120310044EE43 /* Flickr-iOS.app */,
			);
			name = Products;
			sourceTree = "<group>";
		};
		F2FF89682B8120310044EE43 /* Flickr-iOS */ = {
			isa = PBXGroup;
			children = (
				F2FF89782B81218E0044EE43 /* Shared */,
				F2FF89772B8121850044EE43 /* Modules */,
				F2FF89692B8120310044EE43 /* Flickr_iOSApp.swift */,
				F2FF896D2B8120330044EE43 /* Assets.xcassets */,
				F2FF896F2B8120330044EE43 /* Preview Content */,
			);
			path = "Flickr-iOS";
			sourceTree = "<group>";
		};
		F2FF896F2B8120330044EE43 /* Preview Content */ = {
			isa = PBXGroup;
			children = (
				F2FF89702B8120330044EE43 /* Preview Assets.xcassets */,
			);
			path = "Preview Content";
			sourceTree = "<group>";
		};
		F2FF89772B8121850044EE43 /* Modules */ = {
			isa = PBXGroup;
			children = (
				F2FF898C2B8143BA0044EE43 /* DetailPhoto */,
				F2FF897F2B8123160044EE43 /* SearchPhotos */,
			);
			path = Modules;
			sourceTree = "<group>";
		};
		F2FF89782B81218E0044EE43 /* Shared */ = {
			isa = PBXGroup;
			children = (
				F25F2EEA2B82773A00C800F6 /* Extensions */,
				F2FF89892B8130170044EE43 /* Views */,
				F2FF89842B812AA90044EE43 /* Mocks */,
				F2FF897A2B8122060044EE43 /* Networking */,
				F2FF89792B8122000044EE43 /* Models */,
			);
			path = Shared;
			sourceTree = "<group>";
		};
		F2FF89792B8122000044EE43 /* Models */ = {
			isa = PBXGroup;
			children = (
				F2FF897B2B8122360044EE43 /* PhotoModels.swift */,
			);
			path = Models;
			sourceTree = "<group>";
		};
		F2FF897A2B8122060044EE43 /* Networking */ = {
			isa = PBXGroup;
			children = (
				F2FF897D2B8122700044EE43 /* SearchPhotosNetworkingService.swift */,
			);
			path = Networking;
			sourceTree = "<group>";
		};
		F2FF897F2B8123160044EE43 /* SearchPhotos */ = {
			isa = PBXGroup;
			children = (
				F2FF89802B8123BE0044EE43 /* PhotosListViewModel.swift */,
				F2FF89822B8129A00044EE43 /* PhotosListView.swift */,
				F2FF89872B812FF60044EE43 /* PhotoItemView.swift */,
			);
			path = SearchPhotos;
			sourceTree = "<group>";
		};
		F2FF89842B812AA90044EE43 /* Mocks */ = {
			isa = PBXGroup;
			children = (
				F2FF89852B812ACE0044EE43 /* MockSearchPhotosNetworking.swift */,
				F25F2EE82B826D4E00C800F6 /* MockPhotoModel.swift */,
				F25F2EEF2B8277FE00C800F6 /* MockHtmlPhotoDescription.swift */,
			);
			path = Mocks;
			sourceTree = "<group>";
		};
		F2FF89892B8130170044EE43 /* Views */ = {
			isa = PBXGroup;
			children = (
				F2FF898A2B8130210044EE43 /* RemoteImage.swift */,
				F25F2EED2B82778D00C800F6 /* HTMLTextView.swift */,
			);
			path = Views;
			sourceTree = "<group>";
		};
		F2FF898C2B8143BA0044EE43 /* DetailPhoto */ = {
			isa = PBXGroup;
			children = (
				F2FF898D2B8143F40044EE43 /* PhotoDetailView.swift */,
			);
			path = DetailPhoto;
			sourceTree = "<group>";
		};
/* End PBXGroup section */

/* Begin PBXNativeTarget section */
		F2FF89652B8120310044EE43 /* Flickr-iOS */ = {
			isa = PBXNativeTarget;
			buildConfigurationList = F2FF89742B8120330044EE43 /* Build configuration list for PBXNativeTarget "Flickr-iOS" */;
			buildPhases = (
				F2FF89622B8120310044EE43 /* Sources */,
				F2FF89632B8120310044EE43 /* Frameworks */,
				F2FF89642B8120310044EE43 /* Resources */,
			);
			buildRules = (
			);
			dependencies = (
			);
			name = "Flickr-iOS";
			productName = "Flickr-iOS";
			productReference = F2FF89662B8120310044EE43 /* Flickr-iOS.app */;
			productType = "com.apple.product-type.application";
		};
/* End PBXNativeTarget section */

/* Begin PBXProject section */
		F2FF895E2B8120310044EE43 /* Project object */ = {
			isa = PBXProject;
			attributes = {
				BuildIndependentTargetsInParallel = 1;
				LastSwiftUpdateCheck = 1520;
				LastUpgradeCheck = 1520;
				TargetAttributes = {
					F2FF89652B8120310044EE43 = {
						CreatedOnToolsVersion = 15.2;
					};
				};
			};
			buildConfigurationList = F2FF89612B8120310044EE43 /* Build configuration list for PBXProject "Flickr-iOS" */;
			compatibilityVersion = "Xcode 14.0";
			developmentRegion = en;
			hasScannedForEncodings = 0;
			knownRegions = (
				en,
				Base,
			);
			mainGroup = F2FF895D2B8120310044EE43;
			productRefGroup = F2FF89672B8120310044EE43 /* Products */;
			projectDirPath = "";
			projectRoot = "";
			targets = (
				F2FF89652B8120310044EE43 /* Flickr-iOS */,
			);
		};
/* End PBXProject section */

/* Begin PBXResourcesBuildPhase section */
		F2FF89642B8120310044EE43 /* Resources */ = {
			isa = PBXResourcesBuildPhase;
			buildActionMask = 2147483647;
			files = (
				F2FF89712B8120330044EE43 /* Preview Assets.xcassets in Resources */,
				F2FF896E2B8120330044EE43 /* Assets.xcassets in Resources */,
			);
			runOnlyForDeploymentPostprocessing = 0;
		};
/* End PBXResourcesBuildPhase section */

/* Begin PBXSourcesBuildPhase section */
		F2FF89622B8120310044EE43 /* Sources */ = {
			isa = PBXSourcesBuildPhase;
			buildActionMask = 2147483647;
			files = (
				F2FF898B2B8130210044EE43 /* RemoteImage.swift in Sources */,
				F25F2EEC2B82776B00C800F6 /* String+Extension.swift in Sources */,
				F2FF897C2B8122360044EE43 /* PhotoModels.swift in Sources */,
				F2FF89832B8129A00044EE43 /* PhotosListView.swift in Sources */,
				F2FF89882B812FF60044EE43 /* PhotoItemView.swift in Sources */,
				F2FF89812B8123BE0044EE43 /* PhotosListViewModel.swift in Sources */,
				F25F2EEE2B82778D00C800F6 /* HTMLTextView.swift in Sources */,
				F2FF897E2B8122700044EE43 /* SearchPhotosNetworkingService.swift in Sources */,
				F25F2EF02B8277FE00C800F6 /* MockHtmlPhotoDescription.swift in Sources */,
				F25F2EE92B826D4E00C800F6 /* MockPhotoModel.swift in Sources */,
				F2FF896A2B8120310044EE43 /* Flickr_iOSApp.swift in Sources */,
				F2FF898E2B8143F40044EE43 /* PhotoDetailView.swift in Sources */,
				F2FF89862B812ACE0044EE43 /* MockSearchPhotosNetworking.swift in Sources */,
			);
			runOnlyForDeploymentPostprocessing = 0;
		};
/* End PBXSourcesBuildPhase section */

/* Begin XCBuildConfiguration section */
		F2FF89722B8120330044EE43 /* Debug */ = {
			isa = XCBuildConfiguration;
			buildSettings = {
				ALWAYS_SEARCH_USER_PATHS = NO;
				ASSETCATALOG_COMPILER_GENERATE_SWIFT_ASSET_SYMBOL_EXTENSIONS = YES;
				CLANG_ANALYZER_NONNULL = YES;
				CLANG_ANALYZER_NUMBER_OBJECT_CONVERSION = YES_AGGRESSIVE;
				CLANG_CXX_LANGUAGE_STANDARD = "gnu++20";
				CLANG_ENABLE_MODULES = YES;
				CLANG_ENABLE_OBJC_ARC = YES;
				CLANG_ENABLE_OBJC_WEAK = YES;
				CLANG_WARN_BLOCK_CAPTURE_AUTORELEASING = YES;
				CLANG_WARN_BOOL_CONVERSION = YES;
				CLANG_WARN_COMMA = YES;
				CLANG_WARN_CONSTANT_CONVERSION = YES;
				CLANG_WARN_DEPRECATED_OBJC_IMPLEMENTATIONS = YES;
				CLANG_WARN_DIRECT_OBJC_ISA_USAGE = YES_ERROR;
				CLANG_WARN_DOCUMENTATION_COMMENTS = YES;
				CLANG_WARN_EMPTY_BODY = YES;
				CLANG_WARN_ENUM_CONVERSION = YES;
				CLANG_WARN_INFINITE_RECURSION = YES;
				CLANG_WARN_INT_CONVERSION = YES;
				CLANG_WARN_NON_LITERAL_NULL_CONVERSION = YES;
				CLANG_WARN_OBJC_IMPLICIT_RETAIN_SELF = YES;
				CLANG_WARN_OBJC_LITERAL_CONVERSION = YES;
				CLANG_WARN_OBJC_ROOT_CLASS = YES_ERROR;
				CLANG_WARN_QUOTED_INCLUDE_IN_FRAMEWORK_HEADER = YES;
				CLANG_WARN_RANGE_LOOP_ANALYSIS = YES;
				CLANG_WARN_STRICT_PROTOTYPES = YES;
				CLANG_WARN_SUSPICIOUS_MOVE = YES;
				CLANG_WARN_UNGUARDED_AVAILABILITY = YES_AGGRESSIVE;
				CLANG_WARN_UNREACHABLE_CODE = YES;
				CLANG_WARN__DUPLICATE_METHOD_MATCH = YES;
				COPY_PHASE_STRIP = NO;
				DEBUG_INFORMATION_FORMAT = dwarf;
				ENABLE_STRICT_OBJC_MSGSEND = YES;
				ENABLE_TESTABILITY = YES;
				ENABLE_USER_SCRIPT_SANDBOXING = YES;
				GCC_C_LANGUAGE_STANDARD = gnu17;
				GCC_DYNAMIC_NO_PIC = NO;
				GCC_NO_COMMON_BLOCKS = YES;
				GCC_OPTIMIZATION_LEVEL = 0;
				GCC_PREPROCESSOR_DEFINITIONS = (
					"DEBUG=1",
					"$(inherited)",
				);
				GCC_WARN_64_TO_32_BIT_CONVERSION = YES;
				GCC_WARN_ABOUT_RETURN_TYPE = YES_ERROR;
				GCC_WARN_UNDECLARED_SELECTOR = YES;
				GCC_WARN_UNINITIALIZED_AUTOS = YES_AGGRESSIVE;
				GCC_WARN_UNUSED_FUNCTION = YES;
				GCC_WARN_UNUSED_VARIABLE = YES;
				IPHONEOS_DEPLOYMENT_TARGET = 17.2;
				LOCALIZATION_PREFERS_STRING_CATALOGS = YES;
				MTL_ENABLE_DEBUG_INFO = INCLUDE_SOURCE;
				MTL_FAST_MATH = YES;
				ONLY_ACTIVE_ARCH = YES;
				SDKROOT = iphoneos;
				SWIFT_ACTIVE_COMPILATION_CONDITIONS = "DEBUG $(inherited)";
				SWIFT_OPTIMIZATION_LEVEL = "-Onone";
			};
			name = Debug;
		};
		F2FF89732B8120330044EE43 /* Release */ = {
			isa = XCBuildConfiguration;
			buildSettings = {
				ALWAYS_SEARCH_USER_PATHS = NO;
				ASSETCATALOG_COMPILER_GENERATE_SWIFT_ASSET_SYMBOL_EXTENSIONS = YES;
				CLANG_ANALYZER_NONNULL = YES;
				CLANG_ANALYZER_NUMBER_OBJECT_CONVERSION = YES_AGGRESSIVE;
				CLANG_CXX_LANGUAGE_STANDARD = "gnu++20";
				CLANG_ENABLE_MODULES = YES;
				CLANG_ENABLE_OBJC_ARC = YES;
				CLANG_ENABLE_OBJC_WEAK = YES;
				CLANG_WARN_BLOCK_CAPTURE_AUTORELEASING = YES;
				CLANG_WARN_BOOL_CONVERSION = YES;
				CLANG_WARN_COMMA = YES;
				CLANG_WARN_CONSTANT_CONVERSION = YES;
				CLANG_WARN_DEPRECATED_OBJC_IMPLEMENTATIONS = YES;
				CLANG_WARN_DIRECT_OBJC_ISA_USAGE = YES_ERROR;
				CLANG_WARN_DOCUMENTATION_COMMENTS = YES;
				CLANG_WARN_EMPTY_BODY = YES;
				CLANG_WARN_ENUM_CONVERSION = YES;
				CLANG_WARN_INFINITE_RECURSION = YES;
				CLANG_WARN_INT_CONVERSION = YES;
				CLANG_WARN_NON_LITERAL_NULL_CONVERSION = YES;
				CLANG_WARN_OBJC_IMPLICIT_RETAIN_SELF = YES;
				CLANG_WARN_OBJC_LITERAL_CONVERSION = YES;
				CLANG_WARN_OBJC_ROOT_CLASS = YES_ERROR;
				CLANG_WARN_QUOTED_INCLUDE_IN_FRAMEWORK_HEADER = YES;
				CLANG_WARN_RANGE_LOOP_ANALYSIS = YES;
				CLANG_WARN_STRICT_PROTOTYPES = YES;
				CLANG_WARN_SUSPICIOUS_MOVE = YES;
				CLANG_WARN_UNGUARDED_AVAILABILITY = YES_AGGRESSIVE;
				CLANG_WARN_UNREACHABLE_CODE = YES;
				CLANG_WARN__DUPLICATE_METHOD_MATCH = YES;
				COPY_PHASE_STRIP = NO;
				DEBUG_INFORMATION_FORMAT = "dwarf-with-dsym";
				ENABLE_NS_ASSERTIONS = NO;
				ENABLE_STRICT_OBJC_MSGSEND = YES;
				ENABLE_USER_SCRIPT_SANDBOXING = YES;
				GCC_C_LANGUAGE_STANDARD = gnu17;
				GCC_NO_COMMON_BLOCKS = YES;
				GCC_WARN_64_TO_32_BIT_CONVERSION = YES;
				GCC_WARN_ABOUT_RETURN_TYPE = YES_ERROR;
				GCC_WARN_UNDECLARED_SELECTOR = YES;
				GCC_WARN_UNINITIALIZED_AUTOS = YES_AGGRESSIVE;
				GCC_WARN_UNUSED_FUNCTION = YES;
				GCC_WARN_UNUSED_VARIABLE = YES;
				IPHONEOS_DEPLOYMENT_TARGET = 17.2;
				LOCALIZATION_PREFERS_STRING_CATALOGS = YES;
				MTL_ENABLE_DEBUG_INFO = NO;
				MTL_FAST_MATH = YES;
				SDKROOT = iphoneos;
				SWIFT_COMPILATION_MODE = wholemodule;
				VALIDATE_PRODUCT = YES;
			};
			name = Release;
		};
		F2FF89752B8120330044EE43 /* Debug */ = {
			isa = XCBuildConfiguration;
			buildSettings = {
				ASSETCATALOG_COMPILER_APPICON_NAME = AppIcon;
				ASSETCATALOG_COMPILER_GLOBAL_ACCENT_COLOR_NAME = AccentColor;
				CODE_SIGN_STYLE = Automatic;
				CURRENT_PROJECT_VERSION = 1;
				DEVELOPMENT_ASSET_PATHS = "\"Flickr-iOS/Preview Content\"";
				DEVELOPMENT_TEAM = PA7L263H2S;
				ENABLE_PREVIEWS = YES;
				GENERATE_INFOPLIST_FILE = YES;
				INFOPLIST_KEY_UIApplicationSceneManifest_Generation = YES;
				INFOPLIST_KEY_UIApplicationSupportsIndirectInputEvents = YES;
				INFOPLIST_KEY_UILaunchScreen_Generation = YES;
				INFOPLIST_KEY_UISupportedInterfaceOrientations_iPad = "UIInterfaceOrientationPortrait UIInterfaceOrientationPortraitUpsideDown UIInterfaceOrientationLandscapeLeft UIInterfaceOrientationLandscapeRight";
				INFOPLIST_KEY_UISupportedInterfaceOrientations_iPhone = "UIInterfaceOrientationPortrait UIInterfaceOrientationLandscapeLeft UIInterfaceOrientationLandscapeRight";
				LD_RUNPATH_SEARCH_PATHS = (
					"$(inherited)",
					"@executable_path/Frameworks",
				);
				MARKETING_VERSION = 1.0;
				PRODUCT_BUNDLE_IDENTIFIER = "com.galileoguzman.Flickr-iOS";
				PRODUCT_NAME = "$(TARGET_NAME)";
				SWIFT_EMIT_LOC_STRINGS = YES;
				SWIFT_VERSION = 5.0;
				TARGETED_DEVICE_FAMILY = "1,2";
			};
			name = Debug;
		};
		F2FF89762B8120330044EE43 /* Release */ = {
			isa = XCBuildConfiguration;
			buildSettings = {
				ASSETCATALOG_COMPILER_APPICON_NAME = AppIcon;
				ASSETCATALOG_COMPILER_GLOBAL_ACCENT_COLOR_NAME = AccentColor;
				CODE_SIGN_STYLE = Automatic;
				CURRENT_PROJECT_VERSION = 1;
				DEVELOPMENT_ASSET_PATHS = "\"Flickr-iOS/Preview Content\"";
				DEVELOPMENT_TEAM = PA7L263H2S;
				ENABLE_PREVIEWS = YES;
				GENERATE_INFOPLIST_FILE = YES;
				INFOPLIST_KEY_UIApplicationSceneManifest_Generation = YES;
				INFOPLIST_KEY_UIApplicationSupportsIndirectInputEvents = YES;
				INFOPLIST_KEY_UILaunchScreen_Generation = YES;
				INFOPLIST_KEY_UISupportedInterfaceOrientations_iPad = "UIInterfaceOrientationPortrait UIInterfaceOrientationPortraitUpsideDown UIInterfaceOrientationLandscapeLeft UIInterfaceOrientationLandscapeRight";
				INFOPLIST_KEY_UISupportedInterfaceOrientations_iPhone = "UIInterfaceOrientationPortrait UIInterfaceOrientationLandscapeLeft UIInterfaceOrientationLandscapeRight";
				LD_RUNPATH_SEARCH_PATHS = (
					"$(inherited)",
					"@executable_path/Frameworks",
				);
				MARKETING_VERSION = 1.0;
				PRODUCT_BUNDLE_IDENTIFIER = "com.galileoguzman.Flickr-iOS";
				PRODUCT_NAME = "$(TARGET_NAME)";
				SWIFT_EMIT_LOC_STRINGS = YES;
				SWIFT_VERSION = 5.0;
				TARGETED_DEVICE_FAMILY = "1,2";
			};
			name = Release;
		};
/* End XCBuildConfiguration section */

/* Begin XCConfigurationList section */
		F2FF89612B8120310044EE43 /* Build configuration list for PBXProject "Flickr-iOS" */ = {
			isa = XCConfigurationList;
			buildConfigurations = (
				F2FF89722B8120330044EE43 /* Debug */,
				F2FF89732B8120330044EE43 /* Release */,
			);
			defaultConfigurationIsVisible = 0;
			defaultConfigurationName = Release;
		};
		F2FF89742B8120330044EE43 /* Build configuration list for PBXNativeTarget "Flickr-iOS" */ = {
			isa = XCConfigurationList;
			buildConfigurations = (
				F2FF89752B8120330044EE43 /* Debug */,
				F2FF89762B8120330044EE43 /* Release */,
			);
			defaultConfigurationIsVisible = 0;
			defaultConfigurationName = Release;
		};
/* End XCConfigurationList section */
	};
	rootObject = F2FF895E2B8120310044EE43 /* Project object */;
}
